Microsoft Visual Studio Solution File, Format Version 12.00
# Visual Studio Version 17
VisualStudioVersion = 17.5.2.0
MinimumVisualStudioVersion = 10.0.40219.1
Project("{FAE04EC0-301F-11D3-BF4B-00C04F79EFBC}") = "HqApp", "HqApp\HqApp.csproj", "{2AFBBB9C-3C30-A9AB-5420-AC9FD3827830}"
EndProject
Global
	GlobalSection(SolutionConfigurationPlatforms) = preSolution
		Debug|Any CPU = Debug|Any CPU
		Release|Any CPU = Release|Any CPU
	EndGlobalSection
	GlobalSection(ProjectConfigurationPlatforms) = postSolution
		{2AFBBB9C-3C30-A9AB-5420-AC9FD3827830}.Debug|Any CPU.ActiveCfg = Debug|Any CPU
		{2AFBBB9C-3C30-A9AB-5420-AC9FD3827830}.Debug|Any CPU.Build.0 = Debug|Any CPU
		{2AFBBB9C-3C30-A9AB-5420-AC9FD3827830}.Release|Any CPU.ActiveCfg = Release|Any CPU
		{2AFBBB9C-3C30-A9AB-5420-AC9FD3827830}.Release|Any CPU.Build.0 = Release|Any CPU
	EndGlobalSection
	GlobalSection(SolutionProperties) = preSolution
		HideSolutionNode = FALSE
	EndGlobalSection
	GlobalSection(ExtensibilityGlobals) = postSolution
		SolutionGuid = {B012C851-5D65-44CB-9F6D-FB38F712E2F0}
	EndGlobalSection
EndGlobal
